// !$*UTF8*$!
{
	archiveVersion = 1;
	classes = {
	};
	objectVersion = 55;
	objects = {

/* Begin PBXBuildFile section */
		4515EC3628B00B8800FFE5E3 /* AddRowFooterView.swift in Sources */ = {isa = PBXBuildFile; fileRef = 4515EC3528B00B8800FFE5E3 /* AddRowFooterView.swift */; };
		45204A8328AABE5F00BD7099 /* EmptyStateView.swift in Sources */ = {isa = PBXBuildFile; fileRef = 45204A8228AABE5F00BD7099 /* EmptyStateView.swift */; };
		4528964028C26F4C004A1C0A /* SelectWorkoutCell.swift in Sources */ = {isa = PBXBuildFile; fileRef = 4528963F28C26F4C004A1C0A /* SelectWorkoutCell.swift */; };
		4528964228C8E370004A1C0A /* SelectWorkoutViewController.swift in Sources */ = {isa = PBXBuildFile; fileRef = 4528964128C8E370004A1C0A /* SelectWorkoutViewController.swift */; };
		453258FA28AAE6DC005BABB7 /* AddWorkoutViewController.swift in Sources */ = {isa = PBXBuildFile; fileRef = 453258F928AAE6DC005BABB7 /* AddWorkoutViewController.swift */; };
		456938C828AC70FF00DA0307 /* AddWorkoutTableViewCell.swift in Sources */ = {isa = PBXBuildFile; fileRef = 456938C728AC70FF00DA0307 /* AddWorkoutTableViewCell.swift */; };
		456938CA28AC73C800DA0307 /* FPTextField.swift in Sources */ = {isa = PBXBuildFile; fileRef = 456938C928AC73C800DA0307 /* FPTextField.swift */; };
		4576FCB828A4232100862D81 /* AppDelegate.swift in Sources */ = {isa = PBXBuildFile; fileRef = 4576FCB728A4232100862D81 /* AppDelegate.swift */; };
		4576FCBC28A4232100862D81 /* HomeViewController.swift in Sources */ = {isa = PBXBuildFile; fileRef = 4576FCBB28A4232100862D81 /* HomeViewController.swift */; };
		4576FCC128A4232300862D81 /* Assets.xcassets in Resources */ = {isa = PBXBuildFile; fileRef = 4576FCC028A4232300862D81 /* Assets.xcassets */; };
		4576FCC428A4232300862D81 /* LaunchScreen.storyboard in Resources */ = {isa = PBXBuildFile; fileRef = 4576FCC228A4232300862D81 /* LaunchScreen.storyboard */; };
		458F747828B9325D0098BA0E /* CoreDataManager.swift in Sources */ = {isa = PBXBuildFile; fileRef = 458F747728B9325D0098BA0E /* CoreDataManager.swift */; };
		458F747B28B95BEA0098BA0E /* Exercise.xcdatamodeld in Sources */ = {isa = PBXBuildFile; fileRef = 458F747928B95BEA0098BA0E /* Exercise.xcdatamodeld */; };
		458F747E28B95C0F0098BA0E /* Exercise+CoreDataClass.swift in Sources */ = {isa = PBXBuildFile; fileRef = 458F747C28B95C0E0098BA0E /* Exercise+CoreDataClass.swift */; };
		458F747F28B95C0F0098BA0E /* Exercise+CoreDataProperties.swift in Sources */ = {isa = PBXBuildFile; fileRef = 458F747D28B95C0E0098BA0E /* Exercise+CoreDataProperties.swift */; };
		458F748128BFB8D60098BA0E /* LogWorkoutViewController.swift in Sources */ = {isa = PBXBuildFile; fileRef = 458F748028BFB8D60098BA0E /* LogWorkoutViewController.swift */; };
		458F748628BFF9DB0098BA0E /* LogExerciseCell.swift in Sources */ = {isa = PBXBuildFile; fileRef = 458F748528BFF9DB0098BA0E /* LogExerciseCell.swift */; };
/* End PBXBuildFile section */

/* Begin PBXBuildRule section */
		45E2DD6528C8EFDF002C7304 /* PBXBuildRule */ = {
			isa = PBXBuildRule;
			compilerSpec = com.apple.compilers.proxy.script;
			fileType = pattern.proxy;
			inputFiles = (
			);
			isEditable = 1;
			outputFiles = (
			);
			script = "# Type a script or drag a script file from your workspace to insert its path.\n";
		};
/* End PBXBuildRule section */

/* Begin PBXFileReference section */
		4515EC3528B00B8800FFE5E3 /* AddRowFooterView.swift */ = {isa = PBXFileReference; lastKnownFileType = sourcecode.swift; path = AddRowFooterView.swift; sourceTree = "<group>"; };
		45204A8228AABE5F00BD7099 /* EmptyStateView.swift */ = {isa = PBXFileReference; lastKnownFileType = sourcecode.swift; path = EmptyStateView.swift; sourceTree = "<group>"; };
		4528963F28C26F4C004A1C0A /* SelectWorkoutCell.swift */ = {isa = PBXFileReference; lastKnownFileType = sourcecode.swift; path = SelectWorkoutCell.swift; sourceTree = "<group>"; };
		4528964128C8E370004A1C0A /* SelectWorkoutViewController.swift */ = {isa = PBXFileReference; lastKnownFileType = sourcecode.swift; path = SelectWorkoutViewController.swift; sourceTree = "<group>"; };
		453258F928AAE6DC005BABB7 /* AddWorkoutViewController.swift */ = {isa = PBXFileReference; lastKnownFileType = sourcecode.swift; path = AddWorkoutViewController.swift; sourceTree = "<group>"; };
		456938C728AC70FF00DA0307 /* AddWorkoutTableViewCell.swift */ = {isa = PBXFileReference; lastKnownFileType = sourcecode.swift; path = AddWorkoutTableViewCell.swift; sourceTree = "<group>"; };
		456938C928AC73C800DA0307 /* FPTextField.swift */ = {isa = PBXFileReference; lastKnownFileType = sourcecode.swift; path = FPTextField.swift; sourceTree = "<group>"; };
		4576FCB428A4232100862D81 /* fitProgress.app */ = {isa = PBXFileReference; explicitFileType = wrapper.application; includeInIndex = 0; path = fitProgress.app; sourceTree = BUILT_PRODUCTS_DIR; };
		4576FCB728A4232100862D81 /* AppDelegate.swift */ = {isa = PBXFileReference; lastKnownFileType = sourcecode.swift; path = AppDelegate.swift; sourceTree = "<group>"; };
		4576FCBB28A4232100862D81 /* HomeViewController.swift */ = {isa = PBXFileReference; lastKnownFileType = sourcecode.swift; path = HomeViewController.swift; sourceTree = "<group>"; };
		4576FCC028A4232300862D81 /* Assets.xcassets */ = {isa = PBXFileReference; lastKnownFileType = folder.assetcatalog; path = Assets.xcassets; sourceTree = "<group>"; };
		4576FCC328A4232300862D81 /* Base */ = {isa = PBXFileReference; lastKnownFileType = file.storyboard; name = Base; path = Base.lproj/LaunchScreen.storyboard; sourceTree = "<group>"; };
		4576FCC528A4232300862D81 /* Info.plist */ = {isa = PBXFileReference; lastKnownFileType = text.plist.xml; path = Info.plist; sourceTree = "<group>"; };
		458F747728B9325D0098BA0E /* CoreDataManager.swift */ = {isa = PBXFileReference; lastKnownFileType = sourcecode.swift; path = CoreDataManager.swift; sourceTree = "<group>"; };
		458F747A28B95BEA0098BA0E /* Exercise.xcdatamodel */ = {isa = PBXFileReference; lastKnownFileType = wrapper.xcdatamodel; path = Exercise.xcdatamodel; sourceTree = "<group>"; };
		458F747C28B95C0E0098BA0E /* Exercise+CoreDataClass.swift */ = {isa = PBXFileReference; lastKnownFileType = sourcecode.swift; path = "Exercise+CoreDataClass.swift"; sourceTree = SOURCE_ROOT; };
		458F747D28B95C0E0098BA0E /* Exercise+CoreDataProperties.swift */ = {isa = PBXFileReference; lastKnownFileType = sourcecode.swift; path = "Exercise+CoreDataProperties.swift"; sourceTree = SOURCE_ROOT; };
		458F748028BFB8D60098BA0E /* LogWorkoutViewController.swift */ = {isa = PBXFileReference; lastKnownFileType = sourcecode.swift; path = LogWorkoutViewController.swift; sourceTree = "<group>"; };
		458F748528BFF9DB0098BA0E /* LogExerciseCell.swift */ = {isa = PBXFileReference; lastKnownFileType = sourcecode.swift; path = LogExerciseCell.swift; sourceTree = "<group>"; };
/* End PBXFileReference section */

/* Begin PBXFrameworksBuildPhase section */
		4576FCB128A4232100862D81 /* Frameworks */ = {
			isa = PBXFrameworksBuildPhase;
			buildActionMask = 2147483647;
			files = (
			);
			runOnlyForDeploymentPostprocessing = 0;
		};
/* End PBXFrameworksBuildPhase section */

/* Begin PBXGroup section */
		45204A7C28A573FC00BD7099 /* Views */ = {
			isa = PBXGroup;
			children = (
				458F748228BFCD710098BA0E /* HomeViews */,
				458F748328BFCD7F0098BA0E /* AddWorkoutViews */,
				458F748428BFCD970098BA0E /* LogWorkoutViews */,
				456938C928AC73C800DA0307 /* FPTextField.swift */,
			);
			path = Views;
			sourceTree = "<group>";
		};
		456526C028B4273700983EDE /* Models */ = {
			isa = PBXGroup;
			children = (
				458F747C28B95C0E0098BA0E /* Exercise+CoreDataClass.swift */,
				458F747D28B95C0E0098BA0E /* Exercise+CoreDataProperties.swift */,
				458F747928B95BEA0098BA0E /* Exercise.xcdatamodeld */,
			);
			path = Models;
			sourceTree = "<group>";
		};
		456526D928B4346900983EDE /* Model */ = {
			isa = PBXGroup;
			children = (
			);
			path = Model;
			sourceTree = "<group>";
		};
		4575372328B41D49007D433D /* CoreData */ = {
			isa = PBXGroup;
			children = (
				456526C028B4273700983EDE /* Models */,
				458F747728B9325D0098BA0E /* CoreDataManager.swift */,
			);
			path = CoreData;
			sourceTree = "<group>";
		};
		4576FCAB28A4232100862D81 = {
			isa = PBXGroup;
			children = (
				4576FCB628A4232100862D81 /* fitProgress */,
				4576FCB528A4232100862D81 /* Products */,
			);
			sourceTree = "<group>";
		};
		4576FCB528A4232100862D81 /* Products */ = {
			isa = PBXGroup;
			children = (
				4576FCB428A4232100862D81 /* fitProgress.app */,
			);
			name = Products;
			sourceTree = "<group>";
		};
		4576FCB628A4232100862D81 /* fitProgress */ = {
			isa = PBXGroup;
			children = (
				4575372328B41D49007D433D /* CoreData */,
				456526D928B4346900983EDE /* Model */,
				45204A7C28A573FC00BD7099 /* Views */,
				45B945D628A56BAE0073E5EC /* ViewControllers */,
				4576FCB728A4232100862D81 /* AppDelegate.swift */,
				4576FCC028A4232300862D81 /* Assets.xcassets */,
				4576FCC228A4232300862D81 /* LaunchScreen.storyboard */,
				4576FCC528A4232300862D81 /* Info.plist */,
			);
			path = fitProgress;
			sourceTree = "<group>";
		};
		458F748228BFCD710098BA0E /* HomeViews */ = {
			isa = PBXGroup;
			children = (
				45204A8228AABE5F00BD7099 /* EmptyStateView.swift */,
			);
			path = HomeViews;
			sourceTree = "<group>";
		};
		458F748328BFCD7F0098BA0E /* AddWorkoutViews */ = {
			isa = PBXGroup;
			children = (
				456938C728AC70FF00DA0307 /* AddWorkoutTableViewCell.swift */,
				4515EC3528B00B8800FFE5E3 /* AddRowFooterView.swift */,
			);
			path = AddWorkoutViews;
			sourceTree = "<group>";
		};
		458F748428BFCD970098BA0E /* LogWorkoutViews */ = {
			isa = PBXGroup;
			children = (
				4528963F28C26F4C004A1C0A /* SelectWorkoutCell.swift */,
				458F748528BFF9DB0098BA0E /* LogExerciseCell.swift */,
			);
			path = LogWorkoutViews;
			sourceTree = "<group>";
		};
		45B945D628A56BAE0073E5EC /* ViewControllers */ = {
			isa = PBXGroup;
			children = (
				4576FCBB28A4232100862D81 /* HomeViewController.swift */,
				453258F928AAE6DC005BABB7 /* AddWorkoutViewController.swift */,
				458F748028BFB8D60098BA0E /* LogWorkoutViewController.swift */,
				4528964128C8E370004A1C0A /* SelectWorkoutViewController.swift */,
			);
			path = ViewControllers;
			sourceTree = "<group>";
		};
/* End PBXGroup section */

/* Begin PBXNativeTarget section */
		4576FCB328A4232100862D81 /* fitProgress */ = {
			isa = PBXNativeTarget;
			buildConfigurationList = 4576FCC828A4232300862D81 /* Build configuration list for PBXNativeTarget "fitProgress" */;
			buildPhases = (
				4576FCB028A4232100862D81 /* Sources */,
				4576FCB128A4232100862D81 /* Frameworks */,
				4576FCB228A4232100862D81 /* Resources */,
				4576FCCB28A42DC500862D81 /* ShellScript */,
			);
			buildRules = (
				45E2DD6528C8EFDF002C7304 /* PBXBuildRule */,
			);
			dependencies = (
			);
			name = fitProgress;
			productName = fitProgress;
			productReference = 4576FCB428A4232100862D81 /* fitProgress.app */;
			productType = "com.apple.product-type.application";
		};
/* End PBXNativeTarget section */

/* Begin PBXProject section */
		4576FCAC28A4232100862D81 /* Project object */ = {
			isa = PBXProject;
			attributes = {
				BuildIndependentTargetsInParallel = 1;
				LastSwiftUpdateCheck = 1340;
				LastUpgradeCheck = 1340;
				TargetAttributes = {
					4576FCB328A4232100862D81 = {
						CreatedOnToolsVersion = 13.4.1;
					};
				};
			};
			buildConfigurationList = 4576FCAF28A4232100862D81 /* Build configuration list for PBXProject "fitProgress" */;
			compatibilityVersion = "Xcode 13.0";
			developmentRegion = en;
			hasScannedForEncodings = 0;
			knownRegions = (
				en,
				Base,
			);
			mainGroup = 4576FCAB28A4232100862D81;
			productRefGroup = 4576FCB528A4232100862D81 /* Products */;
			projectDirPath = "";
			projectRoot = "";
			targets = (
				4576FCB328A4232100862D81 /* fitProgress */,
			);
		};
/* End PBXProject section */

/* Begin PBXResourcesBuildPhase section */
		4576FCB228A4232100862D81 /* Resources */ = {
			isa = PBXResourcesBuildPhase;
			buildActionMask = 2147483647;
			files = (
				4576FCC428A4232300862D81 /* LaunchScreen.storyboard in Resources */,
				4576FCC128A4232300862D81 /* Assets.xcassets in Resources */,
			);
			runOnlyForDeploymentPostprocessing = 0;
		};
/* End PBXResourcesBuildPhase section */

/* Begin PBXShellScriptBuildPhase section */
		4576FCCB28A42DC500862D81 /* ShellScript */ = {
			isa = PBXShellScriptBuildPhase;
			buildActionMask = 2147483647;
			files = (
			);
			inputFileListPaths = (
			);
			inputPaths = (
			);
			outputFileListPaths = (
			);
			outputPaths = (
			);
			runOnlyForDeploymentPostprocessing = 0;
			shellPath = /bin/sh;
			shellScript = "if which swiftlint > /dev/null; then\n  swiftlint --config \"/Users/kstannard/ios/projects/fitprogress/.swiftlint.yml\"\nelse\n  echo \"warning: SwiftLint not installed, download from https://github.com/realm/SwiftLint\"\nfi\n";
		};
/* End PBXShellScriptBuildPhase section */

/* Begin PBXSourcesBuildPhase section */
		4576FCB028A4232100862D81 /* Sources */ = {
			isa = PBXSourcesBuildPhase;
			buildActionMask = 2147483647;
			files = (
				4576FCBC28A4232100862D81 /* HomeViewController.swift in Sources */,
				4515EC3628B00B8800FFE5E3 /* AddRowFooterView.swift in Sources */,
				4576FCB828A4232100862D81 /* AppDelegate.swift in Sources */,
				453258FA28AAE6DC005BABB7 /* AddWorkoutViewController.swift in Sources */,
				458F747F28B95C0F0098BA0E /* Exercise+CoreDataProperties.swift in Sources */,
				458F748128BFB8D60098BA0E /* LogWorkoutViewController.swift in Sources */,
				4528964228C8E370004A1C0A /* SelectWorkoutViewController.swift in Sources */,
				456938CA28AC73C800DA0307 /* FPTextField.swift in Sources */,
				4528964028C26F4C004A1C0A /* SelectWorkoutCell.swift in Sources */,
				458F747E28B95C0F0098BA0E /* Exercise+CoreDataClass.swift in Sources */,
				458F747828B9325D0098BA0E /* CoreDataManager.swift in Sources */,
				45204A8328AABE5F00BD7099 /* EmptyStateView.swift in Sources */,
				458F747B28B95BEA0098BA0E /* Exercise.xcdatamodeld in Sources */,
				458F748628BFF9DB0098BA0E /* LogExerciseCell.swift in Sources */,
				456938C828AC70FF00DA0307 /* AddWorkoutTableViewCell.swift in Sources */,
			);
			runOnlyForDeploymentPostprocessing = 0;
		};
/* End PBXSourcesBuildPhase section */

/* Begin PBXVariantGroup section */
		4576FCC228A4232300862D81 /* LaunchScreen.storyboard */ = {
			isa = PBXVariantGroup;
			children = (
				4576FCC328A4232300862D81 /* Base */,
			);
			name = LaunchScreen.storyboard;
			sourceTree = "<group>";
		};
/* End PBXVariantGroup section */

/* Begin XCBuildConfiguration section */
		4576FCC628A4232300862D81 /* Debug */ = {
			isa = XCBuildConfiguration;
			buildSettings = {
				ALWAYS_SEARCH_USER_PATHS = NO;
				CLANG_ANALYZER_NONNULL = YES;
				CLANG_ANALYZER_NUMBER_OBJECT_CONVERSION = YES_AGGRESSIVE;
				CLANG_CXX_LANGUAGE_STANDARD = "gnu++17";
				CLANG_ENABLE_MODULES = YES;
				CLANG_ENABLE_OBJC_ARC = YES;
				CLANG_ENABLE_OBJC_WEAK = YES;
				CLANG_WARN_BLOCK_CAPTURE_AUTORELEASING = YES;
				CLANG_WARN_BOOL_CONVERSION = YES;
				CLANG_WARN_COMMA = YES;
				CLANG_WARN_CONSTANT_CONVERSION = YES;
				CLANG_WARN_DEPRECATED_OBJC_IMPLEMENTATIONS = YES;
				CLANG_WARN_DIRECT_OBJC_ISA_USAGE = YES_ERROR;
				CLANG_WARN_DOCUMENTATION_COMMENTS = YES;
				CLANG_WARN_EMPTY_BODY = YES;
				CLANG_WARN_ENUM_CONVERSION = YES;
				CLANG_WARN_INFINITE_RECURSION = YES;
				CLANG_WARN_INT_CONVERSION = YES;
				CLANG_WARN_NON_LITERAL_NULL_CONVERSION = YES;
				CLANG_WARN_OBJC_IMPLICIT_RETAIN_SELF = YES;
				CLANG_WARN_OBJC_LITERAL_CONVERSION = YES;
				CLANG_WARN_OBJC_ROOT_CLASS = YES_ERROR;
				CLANG_WARN_QUOTED_INCLUDE_IN_FRAMEWORK_HEADER = YES;
				CLANG_WARN_RANGE_LOOP_ANALYSIS = YES;
				CLANG_WARN_STRICT_PROTOTYPES = YES;
				CLANG_WARN_SUSPICIOUS_MOVE = YES;
				CLANG_WARN_UNGUARDED_AVAILABILITY = YES_AGGRESSIVE;
				CLANG_WARN_UNREACHABLE_CODE = YES;
				CLANG_WARN__DUPLICATE_METHOD_MATCH = YES;
				COPY_PHASE_STRIP = NO;
				DEBUG_INFORMATION_FORMAT = dwarf;
				ENABLE_STRICT_OBJC_MSGSEND = YES;
				ENABLE_TESTABILITY = YES;
				GCC_C_LANGUAGE_STANDARD = gnu11;
				GCC_DYNAMIC_NO_PIC = NO;
				GCC_NO_COMMON_BLOCKS = YES;
				GCC_OPTIMIZATION_LEVEL = 0;
				GCC_PREPROCESSOR_DEFINITIONS = (
					"DEBUG=1",
					"$(inherited)",
				);
				GCC_WARN_64_TO_32_BIT_CONVERSION = YES;
				GCC_WARN_ABOUT_RETURN_TYPE = YES_ERROR;
				GCC_WARN_UNDECLARED_SELECTOR = YES;
				GCC_WARN_UNINITIALIZED_AUTOS = YES_AGGRESSIVE;
				GCC_WARN_UNUSED_FUNCTION = YES;
				GCC_WARN_UNUSED_VARIABLE = YES;
				IPHONEOS_DEPLOYMENT_TARGET = 15.5;
				MTL_ENABLE_DEBUG_INFO = INCLUDE_SOURCE;
				MTL_FAST_MATH = YES;
				ONLY_ACTIVE_ARCH = YES;
				SDKROOT = iphoneos;
				SWIFT_ACTIVE_COMPILATION_CONDITIONS = DEBUG;
				SWIFT_OPTIMIZATION_LEVEL = "-Onone";
			};
			name = Debug;
		};
		4576FCC728A4232300862D81 /* Release */ = {
			isa = XCBuildConfiguration;
			buildSettings = {
				ALWAYS_SEARCH_USER_PATHS = NO;
				CLANG_ANALYZER_NONNULL = YES;
				CLANG_ANALYZER_NUMBER_OBJECT_CONVERSION = YES_AGGRESSIVE;
				CLANG_CXX_LANGUAGE_STANDARD = "gnu++17";
				CLANG_ENABLE_MODULES = YES;
				CLANG_ENABLE_OBJC_ARC = YES;
				CLANG_ENABLE_OBJC_WEAK = YES;
				CLANG_WARN_BLOCK_CAPTURE_AUTORELEASING = YES;
				CLANG_WARN_BOOL_CONVERSION = YES;
				CLANG_WARN_COMMA = YES;
				CLANG_WARN_CONSTANT_CONVERSION = YES;
				CLANG_WARN_DEPRECATED_OBJC_IMPLEMENTATIONS = YES;
				CLANG_WARN_DIRECT_OBJC_ISA_USAGE = YES_ERROR;
				CLANG_WARN_DOCUMENTATION_COMMENTS = YES;
				CLANG_WARN_EMPTY_BODY = YES;
				CLANG_WARN_ENUM_CONVERSION = YES;
				CLANG_WARN_INFINITE_RECURSION = YES;
				CLANG_WARN_INT_CONVERSION = YES;
				CLANG_WARN_NON_LITERAL_NULL_CONVERSION = YES;
				CLANG_WARN_OBJC_IMPLICIT_RETAIN_SELF = YES;
				CLANG_WARN_OBJC_LITERAL_CONVERSION = YES;
				CLANG_WARN_OBJC_ROOT_CLASS = YES_ERROR;
				CLANG_WARN_QUOTED_INCLUDE_IN_FRAMEWORK_HEADER = YES;
				CLANG_WARN_RANGE_LOOP_ANALYSIS = YES;
				CLANG_WARN_STRICT_PROTOTYPES = YES;
				CLANG_WARN_SUSPICIOUS_MOVE = YES;
				CLANG_WARN_UNGUARDED_AVAILABILITY = YES_AGGRESSIVE;
				CLANG_WARN_UNREACHABLE_CODE = YES;
				CLANG_WARN__DUPLICATE_METHOD_MATCH = YES;
				COPY_PHASE_STRIP = NO;
				DEBUG_INFORMATION_FORMAT = "dwarf-with-dsym";
				ENABLE_NS_ASSERTIONS = NO;
				ENABLE_STRICT_OBJC_MSGSEND = YES;
				GCC_C_LANGUAGE_STANDARD = gnu11;
				GCC_NO_COMMON_BLOCKS = YES;
				GCC_WARN_64_TO_32_BIT_CONVERSION = YES;
				GCC_WARN_ABOUT_RETURN_TYPE = YES_ERROR;
				GCC_WARN_UNDECLARED_SELECTOR = YES;
				GCC_WARN_UNINITIALIZED_AUTOS = YES_AGGRESSIVE;
				GCC_WARN_UNUSED_FUNCTION = YES;
				GCC_WARN_UNUSED_VARIABLE = YES;
				IPHONEOS_DEPLOYMENT_TARGET = 15.5;
				MTL_ENABLE_DEBUG_INFO = NO;
				MTL_FAST_MATH = YES;
				SDKROOT = iphoneos;
				SWIFT_COMPILATION_MODE = wholemodule;
				SWIFT_OPTIMIZATION_LEVEL = "-O";
				VALIDATE_PRODUCT = YES;
			};
			name = Release;
		};
		4576FCC928A4232300862D81 /* Debug */ = {
			isa = XCBuildConfiguration;
			buildSettings = {
				ASSETCATALOG_COMPILER_APPICON_NAME = AppIcon;
				ASSETCATALOG_COMPILER_GLOBAL_ACCENT_COLOR_NAME = AccentColor;
				CODE_SIGN_STYLE = Automatic;
				CURRENT_PROJECT_VERSION = 1;
				DEVELOPMENT_TEAM = R5JCWQ932H;
				GENERATE_INFOPLIST_FILE = YES;
				INFOPLIST_FILE = fitProgress/Info.plist;
				INFOPLIST_KEY_UIApplicationSupportsIndirectInputEvents = YES;
				INFOPLIST_KEY_UILaunchStoryboardName = LaunchScreen;
				INFOPLIST_KEY_UISupportedInterfaceOrientations_iPad = "UIInterfaceOrientationPortrait UIInterfaceOrientationPortraitUpsideDown UIInterfaceOrientationLandscapeLeft UIInterfaceOrientationLandscapeRight";
				INFOPLIST_KEY_UISupportedInterfaceOrientations_iPhone = "UIInterfaceOrientationPortrait UIInterfaceOrientationLandscapeLeft UIInterfaceOrientationLandscapeRight";
				LD_RUNPATH_SEARCH_PATHS = (
					"$(inherited)",
					"@executable_path/Frameworks",
				);
				MARKETING_VERSION = 1.0;
				PRODUCT_BUNDLE_IDENTIFIER = com.kotystannard.fitProgress;
				PRODUCT_NAME = "$(TARGET_NAME)";
				SWIFT_EMIT_LOC_STRINGS = YES;
				SWIFT_VERSION = 5.0;
				TARGETED_DEVICE_FAMILY = "1,2";
			};
			name = Debug;
		};
		4576FCCA28A4232300862D81 /* Release */ = {
			isa = XCBuildConfiguration;
			buildSettings = {
				ASSETCATALOG_COMPILER_APPICON_NAME = AppIcon;
				ASSETCATALOG_COMPILER_GLOBAL_ACCENT_COLOR_NAME = AccentColor;
				CODE_SIGN_STYLE = Automatic;
				CURRENT_PROJECT_VERSION = 1;
				DEVELOPMENT_TEAM = R5JCWQ932H;
				GENERATE_INFOPLIST_FILE = YES;
				INFOPLIST_FILE = fitProgress/Info.plist;
				INFOPLIST_KEY_UIApplicationSupportsIndirectInputEvents = YES;
				INFOPLIST_KEY_UILaunchStoryboardName = LaunchScreen;
				INFOPLIST_KEY_UISupportedInterfaceOrientations_iPad = "UIInterfaceOrientationPortrait UIInterfaceOrientationPortraitUpsideDown UIInterfaceOrientationLandscapeLeft UIInterfaceOrientationLandscapeRight";
				INFOPLIST_KEY_UISupportedInterfaceOrientations_iPhone = "UIInterfaceOrientationPortrait UIInterfaceOrientationLandscapeLeft UIInterfaceOrientationLandscapeRight";
				LD_RUNPATH_SEARCH_PATHS = (
					"$(inherited)",
					"@executable_path/Frameworks",
				);
				MARKETING_VERSION = 1.0;
				PRODUCT_BUNDLE_IDENTIFIER = com.kotystannard.fitProgress;
				PRODUCT_NAME = "$(TARGET_NAME)";
				SWIFT_EMIT_LOC_STRINGS = YES;
				SWIFT_VERSION = 5.0;
				TARGETED_DEVICE_FAMILY = "1,2";
			};
			name = Release;
		};
/* End XCBuildConfiguration section */

/* Begin XCConfigurationList section */
		4576FCAF28A4232100862D81 /* Build configuration list for PBXProject "fitProgress" */ = {
			isa = XCConfigurationList;
			buildConfigurations = (
				4576FCC628A4232300862D81 /* Debug */,
				4576FCC728A4232300862D81 /* Release */,
			);
			defaultConfigurationIsVisible = 0;
			defaultConfigurationName = Release;
		};
		4576FCC828A4232300862D81 /* Build configuration list for PBXNativeTarget "fitProgress" */ = {
			isa = XCConfigurationList;
			buildConfigurations = (
				4576FCC928A4232300862D81 /* Debug */,
				4576FCCA28A4232300862D81 /* Release */,
			);
			defaultConfigurationIsVisible = 0;
			defaultConfigurationName = Release;
		};
/* End XCConfigurationList section */

/* Begin XCVersionGroup section */
		458F747928B95BEA0098BA0E /* Exercise.xcdatamodeld */ = {
			isa = XCVersionGroup;
			children = (
				458F747A28B95BEA0098BA0E /* Exercise.xcdatamodel */,
			);
			currentVersion = 458F747A28B95BEA0098BA0E /* Exercise.xcdatamodel */;
			path = Exercise.xcdatamodeld;
			sourceTree = "<group>";
			versionGroupType = wrapper.xcdatamodel;
		};
/* End XCVersionGroup section */
	};
	rootObject = 4576FCAC28A4232100862D81 /* Project object */;
}
